# THIS IS AN AUTOGENERATED FILE. DO NOT EDIT THIS FILE DIRECTLY.
# yarn lockfile v1


"@types/jest-diff@*":
  version "20.0.1"
  resolved "https://registry.yarnpkg.com/@types/jest-diff/-/jest-diff-20.0.1.tgz#35cc15b9c4f30a18ef21852e255fdb02f6d59b89"
  integrity sha512-yALhelO3i0hqZwhjtcr6dYyaLoCHbAMshwtj6cGxTvHZAKXHsYGdff6E8EPw3xLKY0ELUTQ69Q1rQiJENnccMA==

"@types/jest@^24.0.17":
  version "24.0.17"
  resolved "https://registry.yarnpkg.com/@types/jest/-/jest-24.0.17.tgz#b66ea026efb746eb5db1356ee28518aaff7af416"
  integrity sha512-1cy3xkOAfSYn78dsBWy4M3h/QF/HeWPchNFDjysVtp3GHeTdSmtluNnELfCmfNRRHo0OWEcpf+NsEJQvwQfdqQ==
  dependencies:
    "@types/jest-diff" "*"

"@types/node@^12.7.1":
  version "12.7.1"
  resolved "https://registry.yarnpkg.com/@types/node/-/node-12.7.1.tgz#3b5c3a26393c19b400844ac422bd0f631a94d69d"
  integrity sha512-aK9jxMypeSrhiYofWWBf/T7O+KwaiAHzM4sveCdWPn71lzUSMimRnKzhXDKfKwV1kWoBo2P1aGgaIYGLf9/ljw==

"@types/prop-types@*":
  version "15.7.1"
  resolved "https://registry.yarnpkg.com/@types/prop-types/-/prop-types-15.7.1.tgz#f1a11e7babb0c3cad68100be381d1e064c68f1f6"
  integrity sha512-CFzn9idOEpHrgdw8JsoTkaDDyRWk1jrzIV8djzcgpq0y9tG4B4lFT+Nxh52DVpDXV+n4+NPNv7M1Dj5uMp6XFg==

"@types/react-dom@^16.8.5":
  version "16.8.5"
  resolved "https://registry.yarnpkg.com/@types/react-dom/-/react-dom-16.8.5.tgz#3e3f4d99199391a7fb40aa3a155c8dd99b899cbd"
  integrity sha512-idCEjROZ2cqh29+trmTmZhsBAUNQuYrF92JHKzZ5+aiFM1mlSk3bb23CK7HhYuOY75Apgap5y2jTyHzaM2AJGA==
  dependencies:
    "@types/react" "*"

"@types/react@*", "@types/react@^16.9.1":
  version "16.9.1"
  resolved "https://registry.yarnpkg.com/@types/react/-/react-16.9.1.tgz#862c83b4c9d5cd116e42fd9a4f3694843cd2c051"
  integrity sha512-jGM2x8F7m7/r+81N/BOaUKVwbC5Cdw6ExlWEUpr77XPwVeNvAppnPEnMMLMfxRDYL8FPEX8MHjwtD2NQMJ0yyQ==
  dependencies:
    "@types/prop-types" "*"
    csstype "^2.2.0"

csstype@^2.2.0:
  version "2.6.6"
  resolved "https://registry.yarnpkg.com/csstype/-/csstype-2.6.6.tgz#c34f8226a94bbb10c32cc0d714afdf942291fc41"
  integrity sha512-RpFbQGUE74iyPgvr46U9t1xoQBM8T4BL8SxrN66Le2xYAPSaDJJKeztV3awugusb3g3G9iL8StmkBBXhcbbXhg==

typescript@^3.5.3:
  version "3.5.3"
  resolved "https://registry.yarnpkg.com/typescript/-/typescript-3.5.3.tgz#c830f657f93f1ea846819e929092f5fe5983e977"
  integrity sha512-ACzBtm/PhXBDId6a6sDJfroT2pOWt/oOnk4/dElG5G33ZL776N3Y6/6bKZJBFpd+b05F3Ct9qDjMeJmRWtE2/g==
